{
  "pins" : [
    {
      "identity" : "alamofire",
      "kind" : "remoteSourceControl",
      "location" : "https://github.com/Alamofire/Alamofire",
      "state" : {
        "revision" : "b2fa556e4e48cbf06cf8c63def138c98f4b811fa",
        "version" : "5.8.0"
      }
    },
    {
      "identity" : "tmendpoints",
      "kind" : "remoteSourceControl",
      "location" : "https://github.com/mrmda28/TMEndpoints",
      "state" : {
        "revision" : "53a1d5fed25c48e41e6d0d6956b84a1a9d866c7e",
        "version" : "0.0.4"
      }
    }
  ],
  "version" : 2
}
